{
  "debug_env: \"RUBOCOP_LTS_DEBUG\",\nroot: [\"src\", \"rubocop-lts\"]": [
    {
      "file": "gemfiles/modular/style_local.gemfile",
      "lines": [
        44,
        53
      ]
    }
  ],
  "eval_nomono_gems(\ngems: local_gems_to_eval,": [
    {
      "file": "gemfiles/modular/coverage_local.gemfile",
      "lines": [
        37,
        47
      ]
    }
  ],
  "gems: local_gems_to_eval,\nprefix: \"KETTLE_DEV\",": [
    {
      "file": "gemfiles/modular/coverage_local.gemfile",
      "lines": [
        38,
        48
      ]
    }
  ],
  "path_env: \"KETTLE_DEV_DEV\",\nvendored_gems_env: \"VENDORED_GEMS\",": [
    {
      "file": "gemfiles/modular/coverage_local.gemfile",
      "lines": [
        40,
        50
      ]
    }
  ],
  "path_env: \"RUBOCOP_LTS_LOCAL\",\nvendored_gems_env: \"VENDORED_GEMS\",": [
    {
      "file": "gemfiles/modular/style_local.gemfile",
      "lines": [
        41,
        50
      ]
    }
  ],
  "prefix: \"KETTLE_DEV\",\npath_env: \"KETTLE_DEV_DEV\",": [
    {
      "file": "gemfiles/modular/coverage_local.gemfile",
      "lines": [
        39,
        49
      ]
    }
  ],
  "prefix: \"RUBOCOP_LTS\",\npath_env: \"RUBOCOP_LTS_LOCAL\",": [
    {
      "file": "gemfiles/modular/style_local.gemfile",
      "lines": [
        40,
        49
      ]
    }
  ],
  "strategy: merge\nrecipe: .kettle-jem/recipes/nomono_local_gemfile.yml": [
    {
      "file": ".structuredmerge/kettle-jem.yml",
      "lines": [
        435,
        438,
        441
      ]
    }
  ],
  "vendor_gem_dir_env: \"VENDOR_GEM_DIR\",\ndebug_env: \"RUBOCOP_LTS_DEBUG\",": [
    {
      "file": "gemfiles/modular/style_local.gemfile",
      "lines": [
        43,
        52
      ]
    }
  ]
}
